// !$*UTF8*$!
{
	archiveVersion = 1;
	classes = {
	};
	objectVersion = 50;
	objects = {

/* Begin PBXBuildFile section */
		20ED224A20F27D59006DC16B /* AppDelegate.swift in Sources */ = {isa = PBXBuildFile; fileRef = 20ED224920F27D59006DC16B /* AppDelegate.swift */; };
		20ED224F20F27D59006DC16B /* Main.storyboard in Resources */ = {isa = PBXBuildFile; fileRef = 20ED224D20F27D59006DC16B /* Main.storyboard */; };
		20ED225120F27D5B006DC16B /* Assets.xcassets in Resources */ = {isa = PBXBuildFile; fileRef = 20ED225020F27D5B006DC16B /* Assets.xcassets */; };
		20ED225420F27D5B006DC16B /* LaunchScreen.storyboard in Resources */ = {isa = PBXBuildFile; fileRef = 20ED225220F27D5B006DC16B /* LaunchScreen.storyboard */; };
		20ED225C20F27D9B006DC16B /* MathsGridCollectionViewController.swift in Sources */ = {isa = PBXBuildFile; fileRef = 20ED225B20F27D9B006DC16B /* MathsGridCollectionViewController.swift */; };
		20ED225E20F27DAF006DC16B /* GridCollectionViewCell.swift in Sources */ = {isa = PBXBuildFile; fileRef = 20ED225D20F27DAF006DC16B /* GridCollectionViewCell.swift */; };
		20ED226220F2991D006DC16B /* ColumnFlowLayout.swift in Sources */ = {isa = PBXBuildFile; fileRef = 20ED226120F2991D006DC16B /* ColumnFlowLayout.swift */; };
/* End PBXBuildFile section */

/* Begin PBXFileReference section */
		20ED224620F27D59006DC16B /* MathsGridProgramatically.app */ = {isa = PBXFileReference; explicitFileType = wrapper.application; includeInIndex = 0; path = MathsGridProgramatically.app; sourceTree = BUILT_PRODUCTS_DIR; };
		20ED224920F27D59006DC16B /* AppDelegate.swift */ = {isa = PBXFileReference; lastKnownFileType = sourcecode.swift; path = AppDelegate.swift; sourceTree = "<group>"; };
		20ED224E20F27D59006DC16B /* Base */ = {isa = PBXFileReference; lastKnownFileType = file.storyboard; name = Base; path = Base.lproj/Main.storyboard; sourceTree = "<group>"; };
		20ED225020F27D5B006DC16B /* Assets.xcassets */ = {isa = PBXFileReference; lastKnownFileType = folder.assetcatalog; path = Assets.xcassets; sourceTree = "<group>"; };
		20ED225320F27D5B006DC16B /* Base */ = {isa = PBXFileReference; lastKnownFileType = file.storyboard; name = Base; path = Base.lproj/LaunchScreen.storyboard; sourceTree = "<group>"; };
		20ED225520F27D5C006DC16B /* Info.plist */ = {isa = PBXFileReference; lastKnownFileType = text.plist.xml; path = Info.plist; sourceTree = "<group>"; };
		20ED225B20F27D9B006DC16B /* MathsGridCollectionViewController.swift */ = {isa = PBXFileReference; lastKnownFileType = sourcecode.swift; path = MathsGridCollectionViewController.swift; sourceTree = "<group>"; };
		20ED225D20F27DAF006DC16B /* GridCollectionViewCell.swift */ = {isa = PBXFileReference; lastKnownFileType = sourcecode.swift; path = GridCollectionViewCell.swift; sourceTree = "<group>"; };
		20ED226120F2991D006DC16B /* ColumnFlowLayout.swift */ = {isa = PBXFileReference; lastKnownFileType = sourcecode.swift; path = ColumnFlowLayout.swift; sourceTree = "<group>"; };
/* End PBXFileReference section */

/* Begin PBXFrameworksBuildPhase section */
		20ED224320F27D59006DC16B /* Frameworks */ = {
			isa = PBXFrameworksBuildPhase;
			buildActionMask = 2147483647;
			files = (
			);
			runOnlyForDeploymentPostprocessing = 0;
		};
/* End PBXFrameworksBuildPhase section */

/* Begin PBXGroup section */
		20ED223D20F27D59006DC16B = {
			isa = PBXGroup;
			children = (
				20ED224820F27D59006DC16B /* MathsGridProgramatically */,
				20ED224720F27D59006DC16B /* Products */,
			);
			sourceTree = "<group>";
		};
		20ED224720F27D59006DC16B /* Products */ = {
			isa = PBXGroup;
			children = (
				20ED224620F27D59006DC16B /* MathsGridProgramatically.app */,
			);
			name = Products;
			sourceTree = "<group>";
		};
		20ED224820F27D59006DC16B /* MathsGridProgramatically */ = {
			isa = PBXGroup;
			children = (
				20ED224920F27D59006DC16B /* AppDelegate.swift */,
				20ED224D20F27D59006DC16B /* Main.storyboard */,
				20ED225020F27D5B006DC16B /* Assets.xcassets */,
				20ED225220F27D5B006DC16B /* LaunchScreen.storyboard */,
				20ED225520F27D5C006DC16B /* Info.plist */,
				20ED225B20F27D9B006DC16B /* MathsGridCollectionViewController.swift */,
				20ED225D20F27DAF006DC16B /* GridCollectionViewCell.swift */,
				20ED226120F2991D006DC16B /* ColumnFlowLayout.swift */,
			);
			path = MathsGridProgramatically;
			sourceTree = "<group>";
		};
/* End PBXGroup section */

/* Begin PBXNativeTarget section */
		20ED224520F27D59006DC16B /* MathsGridProgramatically */ = {
			isa = PBXNativeTarget;
			buildConfigurationList = 20ED225820F27D5C006DC16B /* Build configuration list for PBXNativeTarget "MathsGridProgramatically" */;
			buildPhases = (
				20ED224220F27D59006DC16B /* Sources */,
				20ED224320F27D59006DC16B /* Frameworks */,
				20ED224420F27D59006DC16B /* Resources */,
			);
			buildRules = (
			);
			dependencies = (
			);
			name = MathsGridProgramatically;
			productName = MathsGridProgramatically;
			productReference = 20ED224620F27D59006DC16B /* MathsGridProgramatically.app */;
			productType = "com.apple.product-type.application";
		};
/* End PBXNativeTarget section */

/* Begin PBXProject section */
		20ED223E20F27D59006DC16B /* Project object */ = {
			isa = PBXProject;
			attributes = {
				LastSwiftUpdateCheck = 1000;
				LastUpgradeCheck = 1000;
				ORGANIZATIONNAME = "John McNiffe";
				TargetAttributes = {
					20ED224520F27D59006DC16B = {
						CreatedOnToolsVersion = 10.0;
					};
				};
			};
			buildConfigurationList = 20ED224120F27D59006DC16B /* Build configuration list for PBXProject "MathsGridProgramatically" */;
			compatibilityVersion = "Xcode 9.3";
			developmentRegion = en;
			hasScannedForEncodings = 0;
			knownRegions = (
				en,
				Base,
			);
			mainGroup = 20ED223D20F27D59006DC16B;
			productRefGroup = 20ED224720F27D59006DC16B /* Products */;
			projectDirPath = "";
			projectRoot = "";
			targets = (
				20ED224520F27D59006DC16B /* MathsGridProgramatically */,
			);
		};
/* End PBXProject section */

/* Begin PBXResourcesBuildPhase section */
		20ED224420F27D59006DC16B /* Resources */ = {
			isa = PBXResourcesBuildPhase;
			buildActionMask = 2147483647;
			files = (
				20ED225420F27D5B006DC16B /* LaunchScreen.storyboard in Resources */,
				20ED225120F27D5B006DC16B /* Assets.xcassets in Resources */,
				20ED224F20F27D59006DC16B /* Main.storyboard in Resources */,
			);
			runOnlyForDeploymentPostprocessing = 0;
		};
/* End PBXResourcesBuildPhase section */

/* Begin PBXSourcesBuildPhase section */
		20ED224220F27D59006DC16B /* Sources */ = {
			isa = PBXSourcesBuildPhase;
			buildActionMask = 2147483647;
			files = (
				20ED225E20F27DAF006DC16B /* GridCollectionViewCell.swift in Sources */,
				20ED226220F2991D006DC16B /* ColumnFlowLayout.swift in Sources */,
				20ED225C20F27D9B006DC16B /* MathsGridCollectionViewController.swift in Sources */,
				20ED224A20F27D59006DC16B /* AppDelegate.swift in Sources */,
			);
			runOnlyForDeploymentPostprocessing = 0;
		};
/* End PBXSourcesBuildPhase section */

/* Begin PBXVariantGroup section */
		20ED224D20F27D59006DC16B /* Main.storyboard */ = {
			isa = PBXVariantGroup;
			children = (
				20ED224E20F27D59006DC16B /* Base */,
			);
			name = Main.storyboard;
			sourceTree = "<group>";
		};
		20ED225220F27D5B006DC16B /* LaunchScreen.storyboard */ = {
			isa = PBXVariantGroup;
			children = (
				20ED225320F27D5B006DC16B /* Base */,
			);
			name = LaunchScreen.storyboard;
			sourceTree = "<group>";
		};
/* End PBXVariantGroup section */

/* Begin XCBuildConfiguration section */
		20ED225620F27D5C006DC16B /* Debug */ = {
			isa = XCBuildConfiguration;
			buildSettings = {
				ALWAYS_SEARCH_USER_PATHS = NO;
				CLANG_ANALYZER_NONNULL = YES;
				CLANG_ANALYZER_NUMBER_OBJECT_CONVERSION = YES_AGGRESSIVE;
				CLANG_CXX_LANGUAGE_STANDARD = "gnu++14";
				CLANG_CXX_LIBRARY = "libc++";
				CLANG_ENABLE_MODULES = YES;
				CLANG_ENABLE_OBJC_ARC = YES;
				CLANG_ENABLE_OBJC_WEAK = YES;
				CLANG_WARN_BLOCK_CAPTURE_AUTORELEASING = YES;
				CLANG_WARN_BOOL_CONVERSION = YES;
				CLANG_WARN_COMMA = YES;
				CLANG_WARN_CONSTANT_CONVERSION = YES;
				CLANG_WARN_DEPRECATED_OBJC_IMPLEMENTATIONS = YES;
				CLANG_WARN_DIRECT_OBJC_ISA_USAGE = YES_ERROR;
				CLANG_WARN_DOCUMENTATION_COMMENTS = YES;
				CLANG_WARN_EMPTY_BODY = YES;
				CLANG_WARN_ENUM_CONVERSION = YES;
				CLANG_WARN_INFINITE_RECURSION = YES;
				CLANG_WARN_INT_CONVERSION = YES;
				CLANG_WARN_NON_LITERAL_NULL_CONVERSION = YES;
				CLANG_WARN_OBJC_IMPLICIT_RETAIN_SELF = YES;
				CLANG_WARN_OBJC_LITERAL_CONVERSION = YES;
				CLANG_WARN_OBJC_ROOT_CLASS = YES_ERROR;
				CLANG_WARN_RANGE_LOOP_ANALYSIS = YES;
				CLANG_WARN_STRICT_PROTOTYPES = YES;
				CLANG_WARN_SUSPICIOUS_MOVE = YES;
				CLANG_WARN_UNGUARDED_AVAILABILITY = YES_AGGRESSIVE;
				CLANG_WARN_UNREACHABLE_CODE = YES;
				CLANG_WARN__DUPLICATE_METHOD_MATCH = YES;
				CODE_SIGN_IDENTITY = "iPhone Developer";
				COPY_PHASE_STRIP = NO;
				DEBUG_INFORMATION_FORMAT = dwarf;
				ENABLE_STRICT_OBJC_MSGSEND = YES;
				ENABLE_TESTABILITY = YES;
				GCC_C_LANGUAGE_STANDARD = gnu11;
				GCC_DYNAMIC_NO_PIC = NO;
				GCC_NO_COMMON_BLOCKS = YES;
				GCC_OPTIMIZATION_LEVEL = 0;
				GCC_PREPROCESSOR_DEFINITIONS = (
					"DEBUG=1",
					"$(inherited)",
				);
				GCC_WARN_64_TO_32_BIT_CONVERSION = YES;
				GCC_WARN_ABOUT_RETURN_TYPE = YES_ERROR;
				GCC_WARN_UNDECLARED_SELECTOR = YES;
				GCC_WARN_UNINITIALIZED_AUTOS = YES_AGGRESSIVE;
				GCC_WARN_UNUSED_FUNCTION = YES;
				GCC_WARN_UNUSED_VARIABLE = YES;
				IPHONEOS_DEPLOYMENT_TARGET = 12.0;
				MTL_ENABLE_DEBUG_INFO = INCLUDE_SOURCE;
				MTL_FAST_MATH = YES;
				ONLY_ACTIVE_ARCH = YES;
				SDKROOT = iphoneos;
				SWIFT_ACTIVE_COMPILATION_CONDITIONS = DEBUG;
				SWIFT_OPTIMIZATION_LEVEL = "-Onone";
			};
			name = Debug;
		};
		20ED225720F27D5C006DC16B /* Release */ = {
			isa = XCBuildConfiguration;
			buildSettings = {
				ALWAYS_SEARCH_USER_PATHS = NO;
				CLANG_ANALYZER_NONNULL = YES;
				CLANG_ANALYZER_NUMBER_OBJECT_CONVERSION = YES_AGGRESSIVE;
				CLANG_CXX_LANGUAGE_STANDARD = "gnu++14";
				CLANG_CXX_LIBRARY = "libc++";
				CLANG_ENABLE_MODULES = YES;
				CLANG_ENABLE_OBJC_ARC = YES;
				CLANG_ENABLE_OBJC_WEAK = YES;
				CLANG_WARN_BLOCK_CAPTURE_AUTORELEASING = YES;
				CLANG_WARN_BOOL_CONVERSION = YES;
				CLANG_WARN_COMMA = YES;
				CLANG_WARN_CONSTANT_CONVERSION = YES;
				CLANG_WARN_DEPRECATED_OBJC_IMPLEMENTATIONS = YES;
				CLANG_WARN_DIRECT_OBJC_ISA_USAGE = YES_ERROR;
				CLANG_WARN_DOCUMENTATION_COMMENTS = YES;
				CLANG_WARN_EMPTY_BODY = YES;
				CLANG_WARN_ENUM_CONVERSION = YES;
				CLANG_WARN_INFINITE_RECURSION = YES;
				CLANG_WARN_INT_CONVERSION = YES;
				CLANG_WARN_NON_LITERAL_NULL_CONVERSION = YES;
				CLANG_WARN_OBJC_IMPLICIT_RETAIN_SELF = YES;
				CLANG_WARN_OBJC_LITERAL_CONVERSION = YES;
				CLANG_WARN_OBJC_ROOT_CLASS = YES_ERROR;
				CLANG_WARN_RANGE_LOOP_ANALYSIS = YES;
				CLANG_WARN_STRICT_PROTOTYPES = YES;
				CLANG_WARN_SUSPICIOUS_MOVE = YES;
				CLANG_WARN_UNGUARDED_AVAILABILITY = YES_AGGRESSIVE;
				CLANG_WARN_UNREACHABLE_CODE = YES;
				CLANG_WARN__DUPLICATE_METHOD_MATCH = YES;
				CODE_SIGN_IDENTITY = "iPhone Developer";
				COPY_PHASE_STRIP = NO;
				DEBUG_INFORMATION_FORMAT = "dwarf-with-dsym";
				ENABLE_NS_ASSERTIONS = NO;
				ENABLE_STRICT_OBJC_MSGSEND = YES;
				GCC_C_LANGUAGE_STANDARD = gnu11;
				GCC_NO_COMMON_BLOCKS = YES;
				GCC_WARN_64_TO_32_BIT_CONVERSION = YES;
				GCC_WARN_ABOUT_RETURN_TYPE = YES_ERROR;
				GCC_WARN_UNDECLARED_SELECTOR = YES;
				GCC_WARN_UNINITIALIZED_AUTOS = YES_AGGRESSIVE;
				GCC_WARN_UNUSED_FUNCTION = YES;
				GCC_WARN_UNUSED_VARIABLE = YES;
				IPHONEOS_DEPLOYMENT_TARGET = 12.0;
				MTL_ENABLE_DEBUG_INFO = NO;
				MTL_FAST_MATH = YES;
				SDKROOT = iphoneos;
				SWIFT_COMPILATION_MODE = wholemodule;
				SWIFT_OPTIMIZATION_LEVEL = "-O";
				VALIDATE_PRODUCT = YES;
			};
			name = Release;
		};
		20ED225920F27D5C006DC16B /* Debug */ = {
			isa = XCBuildConfiguration;
			buildSettings = {
				ASSETCATALOG_COMPILER_APPICON_NAME = AppIcon;
				CODE_SIGN_STYLE = Automatic;
				DEVELOPMENT_TEAM = L75BZ5LCW2;
				INFOPLIST_FILE = MathsGridProgramatically/Info.plist;
				IPHONEOS_DEPLOYMENT_TARGET = 11.4;
				LD_RUNPATH_SEARCH_PATHS = (
					"$(inherited)",
					"@executable_path/Frameworks",
				);
				PRODUCT_BUNDLE_IDENTIFIER = com.McNiffe.MathsGridProgramatically;
				PRODUCT_NAME = "$(TARGET_NAME)";
				SWIFT_VERSION = 4.2;
				TARGETED_DEVICE_FAMILY = "1,2";
			};
			name = Debug;
		};
		20ED225A20F27D5C006DC16B /* Release */ = {
			isa = XCBuildConfiguration;
			buildSettings = {
				ASSETCATALOG_COMPILER_APPICON_NAME = AppIcon;
				CODE_SIGN_STYLE = Automatic;
				DEVELOPMENT_TEAM = L75BZ5LCW2;
				INFOPLIST_FILE = MathsGridProgramatically/Info.plist;
				IPHONEOS_DEPLOYMENT_TARGET = 11.4;
				LD_RUNPATH_SEARCH_PATHS = (
					"$(inherited)",
					"@executable_path/Frameworks",
				);
				PRODUCT_BUNDLE_IDENTIFIER = com.McNiffe.MathsGridProgramatically;
				PRODUCT_NAME = "$(TARGET_NAME)";
				SWIFT_VERSION = 4.2;
				TARGETED_DEVICE_FAMILY = "1,2";
			};
			name = Release;
		};
/* End XCBuildConfiguration section */

/* Begin XCConfigurationList section */
		20ED224120F27D59006DC16B /* Build configuration list for PBXProject "MathsGridProgramatically" */ = {
			isa = XCConfigurationList;
			buildConfigurations = (
				20ED225620F27D5C006DC16B /* Debug */,
				20ED225720F27D5C006DC16B /* Release */,
			);
			defaultConfigurationIsVisible = 0;
			defaultConfigurationName = Release;
		};
		20ED225820F27D5C006DC16B /* Build configuration list for PBXNativeTarget "MathsGridProgramatically" */ = {
			isa = XCConfigurationList;
			buildConfigurations = (
				20ED225920F27D5C006DC16B /* Debug */,
				20ED225A20F27D5C006DC16B /* Release */,
			);
			defaultConfigurationIsVisible = 0;
			defaultConfigurationName = Release;
		};
/* End XCConfigurationList section */
	};
	rootObject = 20ED223E20F27D59006DC16B /* Project object */;
}
